
Microsoft Visual Studio Solution File, Format Version 12.00
# Visual Studio Version 16
VisualStudioVersion = 16.0.31702.278
MinimumVisualStudioVersion = 10.0.40219.1
Project("{FAE04EC0-301F-11D3-BF4B-00C04F79EFBC}") = "WebApplication1", "WebApplication1\WebApplication1.csproj", "{DDE0ED67-423D-4694-9719-B78E13480FD9}"
EndProject
Global
	GlobalSection(SolutionConfigurationPlatforms) = preSolution
		Debug|Any CPU = Debug|Any CPU
		Release|Any CPU = Release|Any CPU
	EndGlobalSection
	GlobalSection(ProjectConfigurationPlatforms) = postSolution
		{DDE0ED67-423D-4694-9719-B78E13480FD9}.Debug|Any CPU.ActiveCfg = Debug|Any CPU
		{DDE0ED67-423D-4694-9719-B78E13480FD9}.Debug|Any CPU.Build.0 = Debug|Any CPU
		{DDE0ED67-423D-4694-9719-B78E13480FD9}.Release|Any CPU.ActiveCfg = Release|Any CPU
		{DDE0ED67-423D-4694-9719-B78E13480FD9}.Release|Any CPU.Build.0 = Release|Any CPU
	EndGlobalSection
	GlobalSection(SolutionProperties) = preSolution
		HideSolutionNode = FALSE
	EndGlobalSection
	GlobalSection(ExtensibilityGlobals) = postSolution
		SolutionGuid = {F040FB9B-ECF1-432E-9843-B29D00A0CF05}
	EndGlobalSection
EndGlobal
